
Microsoft Visual Studio Solution File, Format Version 12.00
# Visual Studio Version 17
VisualStudioVersion = 17.11.35222.181
MinimumVisualStudioVersion = 10.0.40219.1
Project("{FAE04EC0-301F-11D3-BF4B-00C04F79EFBC}") = "ConsoleApp4", "ConsoleApp4\ConsoleApp4.csproj", "{385892DF-5FE3-45A2-B47C-B6C03C31AA81}"
EndProject
Global
	GlobalSection(SolutionConfigurationPlatforms) = preSolution
		Debug|Any CPU = Debug|Any CPU
		Release|Any CPU = Release|Any CPU
	EndGlobalSection
	GlobalSection(ProjectConfigurationPlatforms) = postSolution
		{385892DF-5FE3-45A2-B47C-B6C03C31AA81}.Debug|Any CPU.ActiveCfg = Debug|Any CPU
		{385892DF-5FE3-45A2-B47C-B6C03C31AA81}.Debug|Any CPU.Build.0 = Debug|Any CPU
		{385892DF-5FE3-45A2-B47C-B6C03C31AA81}.Release|Any CPU.ActiveCfg = Release|Any CPU
		{385892DF-5FE3-45A2-B47C-B6C03C31AA81}.Release|Any CPU.Build.0 = Release|Any CPU
	EndGlobalSection
	GlobalSection(SolutionProperties) = preSolution
		HideSolutionNode = FALSE
	EndGlobalSection
	GlobalSection(ExtensibilityGlobals) = postSolution
		SolutionGuid = {65586097-0215-4D64-BE5B-1F6BA66087C7}
	EndGlobalSection
EndGlobal
